// !$*UTF8*$!
{
	archiveVersion = 1;
	classes = {
	};
	objectVersion = 46;
	objects = {

/* Begin PBXBuildFile section */
		759975EA1BA5901B002CC31F /* main.m in Sources */ = {isa = PBXBuildFile; fileRef = 759975E91BA5901B002CC31F /* main.m */; };
		759975ED1BA5901B002CC31F /* AppDelegate.m in Sources */ = {isa = PBXBuildFile; fileRef = 759975EC1BA5901B002CC31F /* AppDelegate.m */; };
		759975F01BA5901B002CC31F /* ViewController.m in Sources */ = {isa = PBXBuildFile; fileRef = 759975EF1BA5901B002CC31F /* ViewController.m */; };
		759975F31BA5901C002CC31F /* Main.storyboard in Resources */ = {isa = PBXBuildFile; fileRef = 759975F11BA5901C002CC31F /* Main.storyboard */; };
		759975F51BA5901C002CC31F /* Images.xcassets in Resources */ = {isa = PBXBuildFile; fileRef = 759975F41BA5901C002CC31F /* Images.xcassets */; };
		759975F81BA5901C002CC31F /* LaunchScreen.xib in Resources */ = {isa = PBXBuildFile; fileRef = 759975F61BA5901C002CC31F /* LaunchScreen.xib */; };
		759976041BA5901C002CC31F /* DemoAppTests.m in Sources */ = {isa = PBXBuildFile; fileRef = 759976031BA5901C002CC31F /* DemoAppTests.m */; };
		759976131BA593D5002CC31F /* NSString+MTFormatting.m in Sources */ = {isa = PBXBuildFile; fileRef = 759976121BA593D5002CC31F /* NSString+MTFormatting.m */; };
/* End PBXBuildFile section */

/* Begin PBXContainerItemProxy section */
		759975FE1BA5901C002CC31F /* PBXContainerItemProxy */ = {
			isa = PBXContainerItemProxy;
			containerPortal = 759975DC1BA5901B002CC31F /* Project object */;
			proxyType = 1;
			remoteGlobalIDString = 759975E31BA5901B002CC31F;
			remoteInfo = DemoApp;
		};
/* End PBXContainerItemProxy section */

/* Begin PBXFileReference section */
		759975E41BA5901B002CC31F /* DemoApp.app */ = {isa = PBXFileReference; explicitFileType = wrapper.application; includeInIndex = 0; path = DemoApp.app; sourceTree = BUILT_PRODUCTS_DIR; };
		759975E81BA5901B002CC31F /* Info.plist */ = {isa = PBXFileReference; lastKnownFileType = text.plist.xml; path = Info.plist; sourceTree = "<group>"; };
		759975E91BA5901B002CC31F /* main.m */ = {isa = PBXFileReference; lastKnownFileType = sourcecode.c.objc; path = main.m; sourceTree = "<group>"; };
		759975EB1BA5901B002CC31F /* AppDelegate.h */ = {isa = PBXFileReference; lastKnownFileType = sourcecode.c.h; path = AppDelegate.h; sourceTree = "<group>"; };
		759975EC1BA5901B002CC31F /* AppDelegate.m */ = {isa = PBXFileReference; lastKnownFileType = sourcecode.c.objc; path = AppDelegate.m; sourceTree = "<group>"; };
		759975EE1BA5901B002CC31F /* ViewController.h */ = {isa = PBXFileReference; lastKnownFileType = sourcecode.c.h; path = ViewController.h; sourceTree = "<group>"; };
		759975EF1BA5901B002CC31F /* ViewController.m */ = {isa = PBXFileReference; lastKnownFileType = sourcecode.c.objc; path = ViewController.m; sourceTree = "<group>"; };
		759975F21BA5901C002CC31F /* Base */ = {isa = PBXFileReference; lastKnownFileType = file.storyboard; name = Base; path = Base.lproj/Main.storyboard; sourceTree = "<group>"; };
		759975F41BA5901C002CC31F /* Images.xcassets */ = {isa = PBXFileReference; lastKnownFileType = folder.assetcatalog; path = Images.xcassets; sourceTree = "<group>"; };
		759975F71BA5901C002CC31F /* Base */ = {isa = PBXFileReference; lastKnownFileType = file.xib; name = Base; path = Base.lproj/LaunchScreen.xib; sourceTree = "<group>"; };
		759975FD1BA5901C002CC31F /* DemoAppTests.xctest */ = {isa = PBXFileReference; explicitFileType = wrapper.cfbundle; includeInIndex = 0; path = DemoAppTests.xctest; sourceTree = BUILT_PRODUCTS_DIR; };
		759976021BA5901C002CC31F /* Info.plist */ = {isa = PBXFileReference; lastKnownFileType = text.plist.xml; path = Info.plist; sourceTree = "<group>"; };
		759976031BA5901C002CC31F /* DemoAppTests.m */ = {isa = PBXFileReference; lastKnownFileType = sourcecode.c.objc; path = DemoAppTests.m; sourceTree = "<group>"; };
		759976111BA593D5002CC31F /* NSString+MTFormatting.h */ = {isa = PBXFileReference; fileEncoding = 4; lastKnownFileType = sourcecode.c.h; path = "NSString+MTFormatting.h"; sourceTree = "<group>"; };
		759976121BA593D5002CC31F /* NSString+MTFormatting.m */ = {isa = PBXFileReference; fileEncoding = 4; lastKnownFileType = sourcecode.c.objc; path = "NSString+MTFormatting.m"; sourceTree = "<group>"; };
/* End PBXFileReference section */

/* Begin PBXFrameworksBuildPhase section */
		759975E11BA5901B002CC31F /* Frameworks */ = {
			isa = PBXFrameworksBuildPhase;
			buildActionMask = 2147483647;
			files = (
			);
			runOnlyForDeploymentPostprocessing = 0;
		};
		759975FA1BA5901C002CC31F /* Frameworks */ = {
			isa = PBXFrameworksBuildPhase;
			buildActionMask = 2147483647;
			files = (
			);
			runOnlyForDeploymentPostprocessing = 0;
		};
/* End PBXFrameworksBuildPhase section */

/* Begin PBXGroup section */
		759975DB1BA5901B002CC31F = {
			isa = PBXGroup;
			children = (
				759975E61BA5901B002CC31F /* DemoApp */,
				759976001BA5901C002CC31F /* DemoAppTests */,
				759975E51BA5901B002CC31F /* Products */,
			);
			sourceTree = "<group>";
		};
		759975E51BA5901B002CC31F /* Products */ = {
			isa = PBXGroup;
			children = (
				759975E41BA5901B002CC31F /* DemoApp.app */,
				759975FD1BA5901C002CC31F /* DemoAppTests.xctest */,
			);
			name = Products;
			sourceTree = "<group>";
		};
		759975E61BA5901B002CC31F /* DemoApp */ = {
			isa = PBXGroup;
			children = (
				759976101BA593D5002CC31F /* Classes */,
				759975EB1BA5901B002CC31F /* AppDelegate.h */,
				759975EC1BA5901B002CC31F /* AppDelegate.m */,
				759975EE1BA5901B002CC31F /* ViewController.h */,
				759975EF1BA5901B002CC31F /* ViewController.m */,
				759975F11BA5901C002CC31F /* Main.storyboard */,
				759975F41BA5901C002CC31F /* Images.xcassets */,
				759975F61BA5901C002CC31F /* LaunchScreen.xib */,
				759975E71BA5901B002CC31F /* Supporting Files */,
			);
			path = DemoApp;
			sourceTree = "<group>";
		};
		759975E71BA5901B002CC31F /* Supporting Files */ = {
			isa = PBXGroup;
			children = (
				759975E81BA5901B002CC31F /* Info.plist */,
				759975E91BA5901B002CC31F /* main.m */,
			);
			name = "Supporting Files";
			sourceTree = "<group>";
		};
		759976001BA5901C002CC31F /* DemoAppTests */ = {
			isa = PBXGroup;
			children = (
				759976031BA5901C002CC31F /* DemoAppTests.m */,
				759976011BA5901C002CC31F /* Supporting Files */,
			);
			path = DemoAppTests;
			sourceTree = "<group>";
		};
		759976011BA5901C002CC31F /* Supporting Files */ = {
			isa = PBXGroup;
			children = (
				759976021BA5901C002CC31F /* Info.plist */,
			);
			name = "Supporting Files";
			sourceTree = "<group>";
		};
		759976101BA593D5002CC31F /* Classes */ = {
			isa = PBXGroup;
			children = (
				759976111BA593D5002CC31F /* NSString+MTFormatting.h */,
				759976121BA593D5002CC31F /* NSString+MTFormatting.m */,
			);
			name = Classes;
			path = ../../Classes;
			sourceTree = "<group>";
		};
/* End PBXGroup section */

/* Begin PBXNativeTarget section */
		759975E31BA5901B002CC31F /* DemoApp */ = {
			isa = PBXNativeTarget;
			buildConfigurationList = 759976071BA5901C002CC31F /* Build configuration list for PBXNativeTarget "DemoApp" */;
			buildPhases = (
				759975E01BA5901B002CC31F /* Sources */,
				759975E11BA5901B002CC31F /* Frameworks */,
				759975E21BA5901B002CC31F /* Resources */,
			);
			buildRules = (
			);
			dependencies = (
			);
			name = DemoApp;
			productName = DemoApp;
			productReference = 759975E41BA5901B002CC31F /* DemoApp.app */;
			productType = "com.apple.product-type.application";
		};
		759975FC1BA5901C002CC31F /* DemoAppTests */ = {
			isa = PBXNativeTarget;
			buildConfigurationList = 7599760A1BA5901C002CC31F /* Build configuration list for PBXNativeTarget "DemoAppTests" */;
			buildPhases = (
				759975F91BA5901C002CC31F /* Sources */,
				759975FA1BA5901C002CC31F /* Frameworks */,
				759975FB1BA5901C002CC31F /* Resources */,
			);
			buildRules = (
			);
			dependencies = (
				759975FF1BA5901C002CC31F /* PBXTargetDependency */,
			);
			name = DemoAppTests;
			productName = DemoAppTests;
			productReference = 759975FD1BA5901C002CC31F /* DemoAppTests.xctest */;
			productType = "com.apple.product-type.bundle.unit-test";
		};
/* End PBXNativeTarget section */

/* Begin PBXProject section */
		759975DC1BA5901B002CC31F /* Project object */ = {
			isa = PBXProject;
			attributes = {
				LastUpgradeCheck = 0640;
				ORGANIZATIONNAME = "MAXIM TSVETKOV";
				TargetAttributes = {
					759975E31BA5901B002CC31F = {
						CreatedOnToolsVersion = 6.4;
					};
					759975FC1BA5901C002CC31F = {
						CreatedOnToolsVersion = 6.4;
						TestTargetID = 759975E31BA5901B002CC31F;
					};
				};
			};
			buildConfigurationList = 759975DF1BA5901B002CC31F /* Build configuration list for PBXProject "DemoApp" */;
			compatibilityVersion = "Xcode 3.2";
			developmentRegion = English;
			hasScannedForEncodings = 0;
			knownRegions = (
				en,
				Base,
			);
			mainGroup = 759975DB1BA5901B002CC31F;
			productRefGroup = 759975E51BA5901B002CC31F /* Products */;
			projectDirPath = "";
			projectRoot = "";
			targets = (
				759975E31BA5901B002CC31F /* DemoApp */,
				759975FC1BA5901C002CC31F /* DemoAppTests */,
			);
		};
/* End PBXProject section */

/* Begin PBXResourcesBuildPhase section */
		759975E21BA5901B002CC31F /* Resources */ = {
			isa = PBXResourcesBuildPhase;
			buildActionMask = 2147483647;
			files = (
				759975F31BA5901C002CC31F /* Main.storyboard in Resources */,
				759975F81BA5901C002CC31F /* LaunchScreen.xib in Resources */,
				759975F51BA5901C002CC31F /* Images.xcassets in Resources */,
			);
			runOnlyForDeploymentPostprocessing = 0;
		};
		759975FB1BA5901C002CC31F /* Resources */ = {
			isa = PBXResourcesBuildPhase;
			buildActionMask = 2147483647;
			files = (
			);
			runOnlyForDeploymentPostprocessing = 0;
		};
/* End PBXResourcesBuildPhase section */

/* Begin PBXSourcesBuildPhase section */
		759975E01BA5901B002CC31F /* Sources */ = {
			isa = PBXSourcesBuildPhase;
			buildActionMask = 2147483647;
			files = (
				759975F01BA5901B002CC31F /* ViewController.m in Sources */,
				759976131BA593D5002CC31F /* NSString+MTFormatting.m in Sources */,
				759975ED1BA5901B002CC31F /* AppDelegate.m in Sources */,
				759975EA1BA5901B002CC31F /* main.m in Sources */,
			);
			runOnlyForDeploymentPostprocessing = 0;
		};
		759975F91BA5901C002CC31F /* Sources */ = {
			isa = PBXSourcesBuildPhase;
			buildActionMask = 2147483647;
			files = (
				759976041BA5901C002CC31F /* DemoAppTests.m in Sources */,
			);
			runOnlyForDeploymentPostprocessing = 0;
		};
/* End PBXSourcesBuildPhase section */

/* Begin PBXTargetDependency section */
		759975FF1BA5901C002CC31F /* PBXTargetDependency */ = {
			isa = PBXTargetDependency;
			target = 759975E31BA5901B002CC31F /* DemoApp */;
			targetProxy = 759975FE1BA5901C002CC31F /* PBXContainerItemProxy */;
		};
/* End PBXTargetDependency section */

/* Begin PBXVariantGroup section */
		759975F11BA5901C002CC31F /* Main.storyboard */ = {
			isa = PBXVariantGroup;
			children = (
				759975F21BA5901C002CC31F /* Base */,
			);
			name = Main.storyboard;
			sourceTree = "<group>";
		};
		759975F61BA5901C002CC31F /* LaunchScreen.xib */ = {
			isa = PBXVariantGroup;
			children = (
				759975F71BA5901C002CC31F /* Base */,
			);
			name = LaunchScreen.xib;
			sourceTree = "<group>";
		};
/* End PBXVariantGroup section */

/* Begin XCBuildConfiguration section */
		759976051BA5901C002CC31F /* Debug */ = {
			isa = XCBuildConfiguration;
			buildSettings = {
				ALWAYS_SEARCH_USER_PATHS = NO;
				CLANG_CXX_LANGUAGE_STANDARD = "gnu++0x";
				CLANG_CXX_LIBRARY = "libc++";
				CLANG_ENABLE_MODULES = YES;
				CLANG_ENABLE_OBJC_ARC = YES;
				CLANG_WARN_BOOL_CONVERSION = YES;
				CLANG_WARN_CONSTANT_CONVERSION = YES;
				CLANG_WARN_DIRECT_OBJC_ISA_USAGE = YES_ERROR;
				CLANG_WARN_EMPTY_BODY = YES;
				CLANG_WARN_ENUM_CONVERSION = YES;
				CLANG_WARN_INT_CONVERSION = YES;
				CLANG_WARN_OBJC_ROOT_CLASS = YES_ERROR;
				CLANG_WARN_UNREACHABLE_CODE = YES;
				CLANG_WARN__DUPLICATE_METHOD_MATCH = YES;
				"CODE_SIGN_IDENTITY[sdk=iphoneos*]" = "iPhone Developer";
				COPY_PHASE_STRIP = NO;
				DEBUG_INFORMATION_FORMAT = "dwarf-with-dsym";
				ENABLE_STRICT_OBJC_MSGSEND = YES;
				GCC_C_LANGUAGE_STANDARD = gnu99;
				GCC_DYNAMIC_NO_PIC = NO;
				GCC_NO_COMMON_BLOCKS = YES;
				GCC_OPTIMIZATION_LEVEL = 0;
				GCC_PREPROCESSOR_DEFINITIONS = (
					"DEBUG=1",
					"$(inherited)",
				);
				GCC_SYMBOLS_PRIVATE_EXTERN = NO;
				GCC_WARN_64_TO_32_BIT_CONVERSION = YES;
				GCC_WARN_ABOUT_RETURN_TYPE = YES_ERROR;
				GCC_WARN_UNDECLARED_SELECTOR = YES;
				GCC_WARN_UNINITIALIZED_AUTOS = YES_AGGRESSIVE;
				GCC_WARN_UNUSED_FUNCTION = YES;
				GCC_WARN_UNUSED_VARIABLE = YES;
				IPHONEOS_DEPLOYMENT_TARGET = 8.4;
				MTL_ENABLE_DEBUG_INFO = YES;
				ONLY_ACTIVE_ARCH = YES;
				SDKROOT = iphoneos;
				TARGETED_DEVICE_FAMILY = "1,2";
			};
			name = Debug;
		};
		759976061BA5901C002CC31F /* Release */ = {
			isa = XCBuildConfiguration;
			buildSettings = {
				ALWAYS_SEARCH_USER_PATHS = NO;
				CLANG_CXX_LANGUAGE_STANDARD = "gnu++0x";
				CLANG_CXX_LIBRARY = "libc++";
				CLANG_ENABLE_MODULES = YES;
				CLANG_ENABLE_OBJC_ARC = YES;
				CLANG_WARN_BOOL_CONVERSION = YES;
				CLANG_WARN_CONSTANT_CONVERSION = YES;
				CLANG_WARN_DIRECT_OBJC_ISA_USAGE = YES_ERROR;
				CLANG_WARN_EMPTY_BODY = YES;
				CLANG_WARN_ENUM_CONVERSION = YES;
				CLANG_WARN_INT_CONVERSION = YES;
				CLANG_WARN_OBJC_ROOT_CLASS = YES_ERROR;
				CLANG_WARN_UNREACHABLE_CODE = YES;
				CLANG_WARN__DUPLICATE_METHOD_MATCH = YES;
				"CODE_SIGN_IDENTITY[sdk=iphoneos*]" = "iPhone Developer";
				COPY_PHASE_STRIP = NO;
				DEBUG_INFORMATION_FORMAT = "dwarf-with-dsym";
				ENABLE_NS_ASSERTIONS = NO;
				ENABLE_STRICT_OBJC_MSGSEND = YES;
				GCC_C_LANGUAGE_STANDARD = gnu99;
				GCC_NO_COMMON_BLOCKS = YES;
				GCC_WARN_64_TO_32_BIT_CONVERSION = YES;
				GCC_WARN_ABOUT_RETURN_TYPE = YES_ERROR;
				GCC_WARN_UNDECLARED_SELECTOR = YES;
				GCC_WARN_UNINITIALIZED_AUTOS = YES_AGGRESSIVE;
				GCC_WARN_UNUSED_FUNCTION = YES;
				GCC_WARN_UNUSED_VARIABLE = YES;
				IPHONEOS_DEPLOYMENT_TARGET = 8.4;
				MTL_ENABLE_DEBUG_INFO = NO;
				SDKROOT = iphoneos;
				TARGETED_DEVICE_FAMILY = "1,2";
				VALIDATE_PRODUCT = YES;
			};
			name = Release;
		};
		759976081BA5901C002CC31F /* Debug */ = {
			isa = XCBuildConfiguration;
			buildSettings = {
				ASSETCATALOG_COMPILER_APPICON_NAME = AppIcon;
				INFOPLIST_FILE = DemoApp/Info.plist;
				IPHONEOS_DEPLOYMENT_TARGET = 7.0;
				LD_RUNPATH_SEARCH_PATHS = "$(inherited) @executable_path/Frameworks";
				PRODUCT_NAME = "$(TARGET_NAME)";
			};
			name = Debug;
		};
		759976091BA5901C002CC31F /* Release */ = {
			isa = XCBuildConfiguration;
			buildSettings = {
				ASSETCATALOG_COMPILER_APPICON_NAME = AppIcon;
				INFOPLIST_FILE = DemoApp/Info.plist;
				IPHONEOS_DEPLOYMENT_TARGET = 7.0;
				LD_RUNPATH_SEARCH_PATHS = "$(inherited) @executable_path/Frameworks";
				PRODUCT_NAME = "$(TARGET_NAME)";
			};
			name = Release;
		};
		7599760B1BA5901C002CC31F /* Debug */ = {
			isa = XCBuildConfiguration;
			buildSettings = {
				BUNDLE_LOADER = "$(TEST_HOST)";
				FRAMEWORK_SEARCH_PATHS = (
					"$(SDKROOT)/Developer/Library/Frameworks",
					"$(inherited)",
				);
				GCC_PREPROCESSOR_DEFINITIONS = (
					"DEBUG=1",
					"$(inherited)",
				);
				INFOPLIST_FILE = DemoAppTests/Info.plist;
				LD_RUNPATH_SEARCH_PATHS = "$(inherited) @executable_path/Frameworks @loader_path/Frameworks";
				PRODUCT_NAME = "$(TARGET_NAME)";
				TEST_HOST = "$(BUILT_PRODUCTS_DIR)/DemoApp.app/DemoApp";
			};
			name = Debug;
		};
		7599760C1BA5901C002CC31F /* Release */ = {
			isa = XCBuildConfiguration;
			buildSettings = {
				BUNDLE_LOADER = "$(TEST_HOST)";
				FRAMEWORK_SEARCH_PATHS = (
					"$(SDKROOT)/Developer/Library/Frameworks",
					"$(inherited)",
				);
				INFOPLIST_FILE = DemoAppTests/Info.plist;
				LD_RUNPATH_SEARCH_PATHS = "$(inherited) @executable_path/Frameworks @loader_path/Frameworks";
				PRODUCT_NAME = "$(TARGET_NAME)";
				TEST_HOST = "$(BUILT_PRODUCTS_DIR)/DemoApp.app/DemoApp";
			};
			name = Release;
		};
/* End XCBuildConfiguration section */

/* Begin XCConfigurationList section */
		759975DF1BA5901B002CC31F /* Build configuration list for PBXProject "DemoApp" */ = {
			isa = XCConfigurationList;
			buildConfigurations = (
				759976051BA5901C002CC31F /* Debug */,
				759976061BA5901C002CC31F /* Release */,
			);
			defaultConfigurationIsVisible = 0;
			defaultConfigurationName = Release;
		};
		759976071BA5901C002CC31F /* Build configuration list for PBXNativeTarget "DemoApp" */ = {
			isa = XCConfigurationList;
			buildConfigurations = (
				759976081BA5901C002CC31F /* Debug */,
				759976091BA5901C002CC31F /* Release */,
			);
			defaultConfigurationIsVisible = 0;
		};
		7599760A1BA5901C002CC31F /* Build configuration list for PBXNativeTarget "DemoAppTests" */ = {
			isa = XCConfigurationList;
			buildConfigurations = (
				7599760B1BA5901C002CC31F /* Debug */,
				7599760C1BA5901C002CC31F /* Release */,
			);
			defaultConfigurationIsVisible = 0;
		};
/* End XCConfigurationList section */
	};
	rootObject = 759975DC1BA5901B002CC31F /* Project object */;
}
